{
  "originHash" : "559c05f32fe6bb44569b253460cda2da114613f59f2f9cf6104ff13c001de40b",
  "pins" : [
    {
      "identity" : "fakewebkit",
      "kind" : "remoteSourceControl",
      "location" : "https://github.com/undeaDD/FakeWebKit",
      "state" : {
        "branch" : "main",
        "revision" : "d0c32ecfff9f7bbe158ff0a1e0f4414648872d6b"
      }
    },
    {
      "identity" : "kingfisher",
      "kind" : "remoteSourceControl",
      "location" : "https://github.com/onevcat/Kingfisher.git",
      "state" : {
        "revision" : "4d75de347da985a70c63af4d799ed482021f6733",
        "version" : "8.6.1"
      }
    },
    {
      "identity" : "mpvkit",
      "kind" : "remoteSourceControl",
      "location" : "https://github.com/cranci1/MPVKit/",
      "state" : {
        "branch" : "main",
        "revision" : "a75cb31f32681b36f10207c59dc6d671372fd3da"
      }
    }
  ],
  "version" : 3
}
